// !$*UTF8*$!
{
	archiveVersion = 1;
	classes = {
	};
	objectVersion = 55;
	objects = {

/* Begin PBXBuildFile section */
		9327460249D516F9AD8F0BDF /* Pods_PawkTests.framework in Frameworks */ = {isa = PBXBuildFile; fileRef = 9A4733A8E04FFB074F820CF2 /* Pods_PawkTests.framework */; };
		9340198240FE40AF3A075748 /* Pods_Pawk.framework in Frameworks */ = {isa = PBXBuildFile; fileRef = B7855A33CBDBB2B675502685 /* Pods_Pawk.framework */; };
		E9CAC8D9150355EA3E1C6978 /* Pods_Pawk_PawkUITests.framework in Frameworks */ = {isa = PBXBuildFile; fileRef = 2B80D942B78EFBED2962BF5C /* Pods_Pawk_PawkUITests.framework */; };
		FE0C2E3B298071D30066E4D3 /* AccountViewController.swift in Sources */ = {isa = PBXBuildFile; fileRef = FE0C2E3A298071D30066E4D3 /* AccountViewController.swift */; };
		FE0C2E3D29847FFF0066E4D3 /* DogImageStore.swift in Sources */ = {isa = PBXBuildFile; fileRef = FE0C2E3C29847FFF0066E4D3 /* DogImageStore.swift */; };
		FE13C1BA295A8139006F34DB /* parkPins.swift in Sources */ = {isa = PBXBuildFile; fileRef = FE13C1B9295A8139006F34DB /* parkPins.swift */; };
		FE13C1BC295A8722006F34DB /* ParkMarkerView.swift in Sources */ = {isa = PBXBuildFile; fileRef = FE13C1BB295A8722006F34DB /* ParkMarkerView.swift */; };
		FE60557B296DE2D9006B08A0 /* DogBreedList.txt in Resources */ = {isa = PBXBuildFile; fileRef = FE60557A296DE2D9006B08A0 /* DogBreedList.txt */; };
		FE7F5D7F29B0271400DEC8FD /* GoogleMapsVC.swift in Sources */ = {isa = PBXBuildFile; fileRef = FE7F5D7E29B0271400DEC8FD /* GoogleMapsVC.swift */; };
		FE8D8BE2296221CD005CD604 /* GoogleService-Info.plist in Resources */ = {isa = PBXBuildFile; fileRef = FE8D8BE1296221CD005CD604 /* GoogleService-Info.plist */; };
		FE8D8BE3296221CD005CD604 /* GoogleService-Info.plist in Resources */ = {isa = PBXBuildFile; fileRef = FE8D8BE1296221CD005CD604 /* GoogleService-Info.plist */; };
		FE8D8BE4296221CD005CD604 /* GoogleService-Info.plist in Resources */ = {isa = PBXBuildFile; fileRef = FE8D8BE1296221CD005CD604 /* GoogleService-Info.plist */; };
		FEDAC7DB294DCD9300968173 /* AppDelegate.swift in Sources */ = {isa = PBXBuildFile; fileRef = FEDAC7DA294DCD9300968173 /* AppDelegate.swift */; };
		FEDAC7DD294DCD9300968173 /* SceneDelegate.swift in Sources */ = {isa = PBXBuildFile; fileRef = FEDAC7DC294DCD9300968173 /* SceneDelegate.swift */; };
		FEDAC7DF294DCD9300968173 /* ViewController.swift in Sources */ = {isa = PBXBuildFile; fileRef = FEDAC7DE294DCD9300968173 /* ViewController.swift */; };
		FEDAC7E2294DCD9300968173 /* Main.storyboard in Resources */ = {isa = PBXBuildFile; fileRef = FEDAC7E0294DCD9300968173 /* Main.storyboard */; };
		FEDAC7E5294DCD9300968173 /* Pawk.xcdatamodeld in Sources */ = {isa = PBXBuildFile; fileRef = FEDAC7E3294DCD9300968173 /* Pawk.xcdatamodeld */; };
		FEDAC7E7294DCD9600968173 /* Assets.xcassets in Resources */ = {isa = PBXBuildFile; fileRef = FEDAC7E6294DCD9600968173 /* Assets.xcassets */; };
		FEDAC7EA294DCD9600968173 /* LaunchScreen.storyboard in Resources */ = {isa = PBXBuildFile; fileRef = FEDAC7E8294DCD9600968173 /* LaunchScreen.storyboard */; };
		FEDAC7F5294DCD9600968173 /* PawkTests.swift in Sources */ = {isa = PBXBuildFile; fileRef = FEDAC7F4294DCD9600968173 /* PawkTests.swift */; };
		FEDAC7FF294DCD9600968173 /* PawkUITests.swift in Sources */ = {isa = PBXBuildFile; fileRef = FEDAC7FE294DCD9600968173 /* PawkUITests.swift */; };
		FEDAC801294DCD9600968173 /* PawkUITestsLaunchTests.swift in Sources */ = {isa = PBXBuildFile; fileRef = FEDAC800294DCD9600968173 /* PawkUITestsLaunchTests.swift */; };
		FEDAC80E294DCDC900968173 /* NYC Parks Dog Runs (1).geojson in Resources */ = {isa = PBXBuildFile; fileRef = FEDAC80D294DCDC900968173 /* NYC Parks Dog Runs (1).geojson */; };
		FEDAC80F294DCDC900968173 /* NYC Parks Dog Runs (1).geojson in Resources */ = {isa = PBXBuildFile; fileRef = FEDAC80D294DCDC900968173 /* NYC Parks Dog Runs (1).geojson */; };
		FEDAC810294DCDC900968173 /* NYC Parks Dog Runs (1).geojson in Resources */ = {isa = PBXBuildFile; fileRef = FEDAC80D294DCDC900968173 /* NYC Parks Dog Runs (1).geojson */; };
		FEDAC812294DCE5A00968173 /* DogParkModel.swift in Sources */ = {isa = PBXBuildFile; fileRef = FEDAC811294DCE5A00968173 /* DogParkModel.swift */; };
		FEF987022969D1C900E4BA56 /* FirebaseAnalyticsWithoutAdIdSupport in Frameworks */ = {isa = PBXBuildFile; productRef = FEF987012969D1C900E4BA56 /* FirebaseAnalyticsWithoutAdIdSupport */; };
		FEF987042969D1C900E4BA56 /* FirebaseAuth in Frameworks */ = {isa = PBXBuildFile; productRef = FEF987032969D1C900E4BA56 /* FirebaseAuth */; };
		FEF987062969D1C900E4BA56 /* FirebaseDatabase in Frameworks */ = {isa = PBXBuildFile; productRef = FEF987052969D1C900E4BA56 /* FirebaseDatabase */; };
		FEF987082969D1C900E4BA56 /* FirebaseFirestore in Frameworks */ = {isa = PBXBuildFile; productRef = FEF987072969D1C900E4BA56 /* FirebaseFirestore */; };
		FEF9870A2969D1CA00E4BA56 /* FirebaseStorage in Frameworks */ = {isa = PBXBuildFile; productRef = FEF987092969D1CA00E4BA56 /* FirebaseStorage */; };
		FEF9870F296AFF5600E4BA56 /* UserRegistrationViewController.swift in Sources */ = {isa = PBXBuildFile; fileRef = FEF9870E296AFF5600E4BA56 /* UserRegistrationViewController.swift */; };
		FEF98711296B101800E4BA56 /* DogFormViewController.swift in Sources */ = {isa = PBXBuildFile; fileRef = FEF98710296B101800E4BA56 /* DogFormViewController.swift */; };
		FEF98713296CAF0300E4BA56 /* DogBreedChoiceViewController.swift in Sources */ = {isa = PBXBuildFile; fileRef = FEF98712296CAF0300E4BA56 /* DogBreedChoiceViewController.swift */; };
		FEFAC827296763D8008596B1 /* LoginViewController.swift in Sources */ = {isa = PBXBuildFile; fileRef = FEFAC826296763D8008596B1 /* LoginViewController.swift */; };
		FEFAC82929677346008596B1 /* User.swift in Sources */ = {isa = PBXBuildFile; fileRef = FEFAC82829677346008596B1 /* User.swift */; };
/* End PBXBuildFile section */

/* Begin PBXContainerItemProxy section */
		FEDAC7F1294DCD9600968173 /* PBXContainerItemProxy */ = {
			isa = PBXContainerItemProxy;
			containerPortal = FEDAC7CF294DCD9300968173 /* Project object */;
			proxyType = 1;
			remoteGlobalIDString = FEDAC7D6294DCD9300968173;
			remoteInfo = Pawk;
		};
		FEDAC7FB294DCD9600968173 /* PBXContainerItemProxy */ = {
			isa = PBXContainerItemProxy;
			containerPortal = FEDAC7CF294DCD9300968173 /* Project object */;
			proxyType = 1;
			remoteGlobalIDString = FEDAC7D6294DCD9300968173;
			remoteInfo = Pawk;
		};
/* End PBXContainerItemProxy section */

/* Begin PBXFileReference section */
		2B80D942B78EFBED2962BF5C /* Pods_Pawk_PawkUITests.framework */ = {isa = PBXFileReference; explicitFileType = wrapper.framework; includeInIndex = 0; path = Pods_Pawk_PawkUITests.framework; sourceTree = BUILT_PRODUCTS_DIR; };
		2E2B6D5E004A1C700173F0BF /* Pods-Pawk-PawkUITests.release.xcconfig */ = {isa = PBXFileReference; includeInIndex = 1; lastKnownFileType = text.xcconfig; name = "Pods-Pawk-PawkUITests.release.xcconfig"; path = "Target Support Files/Pods-Pawk-PawkUITests/Pods-Pawk-PawkUITests.release.xcconfig"; sourceTree = "<group>"; };
		5A5D4B9D08D415C11EA6579A /* Pods-Pawk-PawkUITests.debug.xcconfig */ = {isa = PBXFileReference; includeInIndex = 1; lastKnownFileType = text.xcconfig; name = "Pods-Pawk-PawkUITests.debug.xcconfig"; path = "Target Support Files/Pods-Pawk-PawkUITests/Pods-Pawk-PawkUITests.debug.xcconfig"; sourceTree = "<group>"; };
		5FE1003810F583DBF7C18BCF /* Pods-PawkTests.release.xcconfig */ = {isa = PBXFileReference; includeInIndex = 1; lastKnownFileType = text.xcconfig; name = "Pods-PawkTests.release.xcconfig"; path = "Target Support Files/Pods-PawkTests/Pods-PawkTests.release.xcconfig"; sourceTree = "<group>"; };
		9A4733A8E04FFB074F820CF2 /* Pods_PawkTests.framework */ = {isa = PBXFileReference; explicitFileType = wrapper.framework; includeInIndex = 0; path = Pods_PawkTests.framework; sourceTree = BUILT_PRODUCTS_DIR; };
		9E3B4FAE3BEEA4F9B2AC14BC /* Pods-PawkTests.debug.xcconfig */ = {isa = PBXFileReference; includeInIndex = 1; lastKnownFileType = text.xcconfig; name = "Pods-PawkTests.debug.xcconfig"; path = "Target Support Files/Pods-PawkTests/Pods-PawkTests.debug.xcconfig"; sourceTree = "<group>"; };
		B7855A33CBDBB2B675502685 /* Pods_Pawk.framework */ = {isa = PBXFileReference; explicitFileType = wrapper.framework; includeInIndex = 0; path = Pods_Pawk.framework; sourceTree = BUILT_PRODUCTS_DIR; };
		C9DBE13BAE5F457F8DBFC487 /* Pods-Pawk.release.xcconfig */ = {isa = PBXFileReference; includeInIndex = 1; lastKnownFileType = text.xcconfig; name = "Pods-Pawk.release.xcconfig"; path = "Target Support Files/Pods-Pawk/Pods-Pawk.release.xcconfig"; sourceTree = "<group>"; };
		F672A6CE559DAABD0BA946D7 /* Pods-Pawk.debug.xcconfig */ = {isa = PBXFileReference; includeInIndex = 1; lastKnownFileType = text.xcconfig; name = "Pods-Pawk.debug.xcconfig"; path = "Target Support Files/Pods-Pawk/Pods-Pawk.debug.xcconfig"; sourceTree = "<group>"; };
		FE0C2E3A298071D30066E4D3 /* AccountViewController.swift */ = {isa = PBXFileReference; lastKnownFileType = sourcecode.swift; path = AccountViewController.swift; sourceTree = "<group>"; };
		FE0C2E3C29847FFF0066E4D3 /* DogImageStore.swift */ = {isa = PBXFileReference; lastKnownFileType = sourcecode.swift; path = DogImageStore.swift; sourceTree = "<group>"; };
		FE13C1B9295A8139006F34DB /* parkPins.swift */ = {isa = PBXFileReference; lastKnownFileType = sourcecode.swift; path = parkPins.swift; sourceTree = "<group>"; };
		FE13C1BB295A8722006F34DB /* ParkMarkerView.swift */ = {isa = PBXFileReference; lastKnownFileType = sourcecode.swift; path = ParkMarkerView.swift; sourceTree = "<group>"; };
		FE60557A296DE2D9006B08A0 /* DogBreedList.txt */ = {isa = PBXFileReference; fileEncoding = 4; lastKnownFileType = text; path = DogBreedList.txt; sourceTree = "<group>"; };
		FE7F5D7E29B0271400DEC8FD /* GoogleMapsVC.swift */ = {isa = PBXFileReference; lastKnownFileType = sourcecode.swift; path = GoogleMapsVC.swift; sourceTree = "<group>"; };
		FE8D8BE1296221CD005CD604 /* GoogleService-Info.plist */ = {isa = PBXFileReference; fileEncoding = 4; lastKnownFileType = text.plist.xml; path = "GoogleService-Info.plist"; sourceTree = "<group>"; };
		FEDAC7D7294DCD9300968173 /* Pawk.app */ = {isa = PBXFileReference; explicitFileType = wrapper.application; includeInIndex = 0; path = Pawk.app; sourceTree = BUILT_PRODUCTS_DIR; };
		FEDAC7DA294DCD9300968173 /* AppDelegate.swift */ = {isa = PBXFileReference; lastKnownFileType = sourcecode.swift; path = AppDelegate.swift; sourceTree = "<group>"; };
		FEDAC7DC294DCD9300968173 /* SceneDelegate.swift */ = {isa = PBXFileReference; lastKnownFileType = sourcecode.swift; path = SceneDelegate.swift; sourceTree = "<group>"; };
		FEDAC7DE294DCD9300968173 /* ViewController.swift */ = {isa = PBXFileReference; lastKnownFileType = sourcecode.swift; path = ViewController.swift; sourceTree = "<group>"; };
		FEDAC7E1294DCD9300968173 /* Base */ = {isa = PBXFileReference; lastKnownFileType = file.storyboard; name = Base; path = Base.lproj/Main.storyboard; sourceTree = "<group>"; };
		FEDAC7E4294DCD9300968173 /* Pawk.xcdatamodel */ = {isa = PBXFileReference; lastKnownFileType = wrapper.xcdatamodel; path = Pawk.xcdatamodel; sourceTree = "<group>"; };
		FEDAC7E6294DCD9600968173 /* Assets.xcassets */ = {isa = PBXFileReference; lastKnownFileType = folder.assetcatalog; path = Assets.xcassets; sourceTree = "<group>"; };
		FEDAC7E9294DCD9600968173 /* Base */ = {isa = PBXFileReference; lastKnownFileType = file.storyboard; name = Base; path = Base.lproj/LaunchScreen.storyboard; sourceTree = "<group>"; };
		FEDAC7EB294DCD9600968173 /* Info.plist */ = {isa = PBXFileReference; lastKnownFileType = text.plist.xml; path = Info.plist; sourceTree = "<group>"; };
		FEDAC7F0294DCD9600968173 /* PawkTests.xctest */ = {isa = PBXFileReference; explicitFileType = wrapper.cfbundle; includeInIndex = 0; path = PawkTests.xctest; sourceTree = BUILT_PRODUCTS_DIR; };
		FEDAC7F4294DCD9600968173 /* PawkTests.swift */ = {isa = PBXFileReference; lastKnownFileType = sourcecode.swift; path = PawkTests.swift; sourceTree = "<group>"; };
		FEDAC7FA294DCD9600968173 /* PawkUITests.xctest */ = {isa = PBXFileReference; explicitFileType = wrapper.cfbundle; includeInIndex = 0; path = PawkUITests.xctest; sourceTree = BUILT_PRODUCTS_DIR; };
		FEDAC7FE294DCD9600968173 /* PawkUITests.swift */ = {isa = PBXFileReference; lastKnownFileType = sourcecode.swift; path = PawkUITests.swift; sourceTree = "<group>"; };
		FEDAC800294DCD9600968173 /* PawkUITestsLaunchTests.swift */ = {isa = PBXFileReference; lastKnownFileType = sourcecode.swift; path = PawkUITestsLaunchTests.swift; sourceTree = "<group>"; };
		FEDAC80D294DCDC900968173 /* NYC Parks Dog Runs (1).geojson */ = {isa = PBXFileReference; fileEncoding = 4; lastKnownFileType = text; path = "NYC Parks Dog Runs (1).geojson"; sourceTree = "<group>"; };
		FEDAC811294DCE5A00968173 /* DogParkModel.swift */ = {isa = PBXFileReference; lastKnownFileType = sourcecode.swift; path = DogParkModel.swift; sourceTree = "<group>"; };
		FEF9870E296AFF5600E4BA56 /* UserRegistrationViewController.swift */ = {isa = PBXFileReference; lastKnownFileType = sourcecode.swift; path = UserRegistrationViewController.swift; sourceTree = "<group>"; };
		FEF98710296B101800E4BA56 /* DogFormViewController.swift */ = {isa = PBXFileReference; lastKnownFileType = sourcecode.swift; path = DogFormViewController.swift; sourceTree = "<group>"; };
		FEF98712296CAF0300E4BA56 /* DogBreedChoiceViewController.swift */ = {isa = PBXFileReference; lastKnownFileType = sourcecode.swift; path = DogBreedChoiceViewController.swift; sourceTree = "<group>"; };
		FEFAC826296763D8008596B1 /* LoginViewController.swift */ = {isa = PBXFileReference; lastKnownFileType = sourcecode.swift; path = LoginViewController.swift; sourceTree = "<group>"; };
		FEFAC82829677346008596B1 /* User.swift */ = {isa = PBXFileReference; lastKnownFileType = sourcecode.swift; path = User.swift; sourceTree = "<group>"; };
/* End PBXFileReference section */

/* Begin PBXFrameworksBuildPhase section */
		FEDAC7D4294DCD9300968173 /* Frameworks */ = {
			isa = PBXFrameworksBuildPhase;
			buildActionMask = 2147483647;
			files = (
				FEF987062969D1C900E4BA56 /* FirebaseDatabase in Frameworks */,
				FEF987082969D1C900E4BA56 /* FirebaseFirestore in Frameworks */,
				FEF987022969D1C900E4BA56 /* FirebaseAnalyticsWithoutAdIdSupport in Frameworks */,
				FEF9870A2969D1CA00E4BA56 /* FirebaseStorage in Frameworks */,
				FEF987042969D1C900E4BA56 /* FirebaseAuth in Frameworks */,
				9340198240FE40AF3A075748 /* Pods_Pawk.framework in Frameworks */,
			);
			runOnlyForDeploymentPostprocessing = 0;
		};
		FEDAC7ED294DCD9600968173 /* Frameworks */ = {
			isa = PBXFrameworksBuildPhase;
			buildActionMask = 2147483647;
			files = (
				9327460249D516F9AD8F0BDF /* Pods_PawkTests.framework in Frameworks */,
			);
			runOnlyForDeploymentPostprocessing = 0;
		};
		FEDAC7F7294DCD9600968173 /* Frameworks */ = {
			isa = PBXFrameworksBuildPhase;
			buildActionMask = 2147483647;
			files = (
				E9CAC8D9150355EA3E1C6978 /* Pods_Pawk_PawkUITests.framework in Frameworks */,
			);
			runOnlyForDeploymentPostprocessing = 0;
		};
/* End PBXFrameworksBuildPhase section */

/* Begin PBXGroup section */
		058BB3931E377441E5F55A6E /* Frameworks */ = {
			isa = PBXGroup;
			children = (
				B7855A33CBDBB2B675502685 /* Pods_Pawk.framework */,
				2B80D942B78EFBED2962BF5C /* Pods_Pawk_PawkUITests.framework */,
				9A4733A8E04FFB074F820CF2 /* Pods_PawkTests.framework */,
			);
			name = Frameworks;
			sourceTree = "<group>";
		};
		BBDAE15F0E1642E588E4C962 /* Pods */ = {
			isa = PBXGroup;
			children = (
				F672A6CE559DAABD0BA946D7 /* Pods-Pawk.debug.xcconfig */,
				C9DBE13BAE5F457F8DBFC487 /* Pods-Pawk.release.xcconfig */,
				5A5D4B9D08D415C11EA6579A /* Pods-Pawk-PawkUITests.debug.xcconfig */,
				2E2B6D5E004A1C700173F0BF /* Pods-Pawk-PawkUITests.release.xcconfig */,
				9E3B4FAE3BEEA4F9B2AC14BC /* Pods-PawkTests.debug.xcconfig */,
				5FE1003810F583DBF7C18BCF /* Pods-PawkTests.release.xcconfig */,
			);
			path = Pods;
			sourceTree = "<group>";
		};
		FEDAC7CE294DCD9300968173 = {
			isa = PBXGroup;
			children = (
				FEF9870D2969E68500E4BA56 /* Model */,
				FEF9870C2969E67700E4BA56 /* View */,
				FEF9870B2969E66200E4BA56 /* Controller */,
				FEDAC7D9294DCD9300968173 /* Pawk */,
				FEDAC7F3294DCD9600968173 /* PawkTests */,
				FEDAC7FD294DCD9600968173 /* PawkUITests */,
				FEDAC7D8294DCD9300968173 /* Products */,
				BBDAE15F0E1642E588E4C962 /* Pods */,
				058BB3931E377441E5F55A6E /* Frameworks */,
			);
			sourceTree = "<group>";
		};
		FEDAC7D8294DCD9300968173 /* Products */ = {
			isa = PBXGroup;
			children = (
				FEDAC7D7294DCD9300968173 /* Pawk.app */,
				FEDAC7F0294DCD9600968173 /* PawkTests.xctest */,
				FEDAC7FA294DCD9600968173 /* PawkUITests.xctest */,
			);
			name = Products;
			sourceTree = "<group>";
		};
		FEDAC7D9294DCD9300968173 /* Pawk */ = {
			isa = PBXGroup;
			children = (
				FEDAC7DA294DCD9300968173 /* AppDelegate.swift */,
				FEDAC7DC294DCD9300968173 /* SceneDelegate.swift */,
				FEDAC7E6294DCD9600968173 /* Assets.xcassets */,
				FEDAC7E8294DCD9600968173 /* LaunchScreen.storyboard */,
				FEDAC7EB294DCD9600968173 /* Info.plist */,
				FE8D8BE1296221CD005CD604 /* GoogleService-Info.plist */,
				FEDAC7E3294DCD9300968173 /* Pawk.xcdatamodeld */,
			);
			path = Pawk;
			sourceTree = "<group>";
		};
		FEDAC7F3294DCD9600968173 /* PawkTests */ = {
			isa = PBXGroup;
			children = (
				FEDAC7F4294DCD9600968173 /* PawkTests.swift */,
			);
			path = PawkTests;
			sourceTree = "<group>";
		};
		FEDAC7FD294DCD9600968173 /* PawkUITests */ = {
			isa = PBXGroup;
			children = (
				FEDAC7FE294DCD9600968173 /* PawkUITests.swift */,
				FEDAC800294DCD9600968173 /* PawkUITestsLaunchTests.swift */,
				FEDAC80D294DCDC900968173 /* NYC Parks Dog Runs (1).geojson */,
			);
			path = PawkUITests;
			sourceTree = "<group>";
		};
		FEF9870B2969E66200E4BA56 /* Controller */ = {
			isa = PBXGroup;
			children = (
				FEDAC7DE294DCD9300968173 /* ViewController.swift */,
				FEFAC826296763D8008596B1 /* LoginViewController.swift */,
				FEF9870E296AFF5600E4BA56 /* UserRegistrationViewController.swift */,
				FE0C2E3C29847FFF0066E4D3 /* DogImageStore.swift */,
				FEF98710296B101800E4BA56 /* DogFormViewController.swift */,
				FE0C2E3A298071D30066E4D3 /* AccountViewController.swift */,
				FEF98712296CAF0300E4BA56 /* DogBreedChoiceViewController.swift */,
				FE60557A296DE2D9006B08A0 /* DogBreedList.txt */,
			);
			path = Controller;
			sourceTree = "<group>";
		};
		FEF9870C2969E67700E4BA56 /* View */ = {
			isa = PBXGroup;
			children = (
				FEDAC7E0294DCD9300968173 /* Main.storyboard */,
				FE7F5D7E29B0271400DEC8FD /* GoogleMapsVC.swift */,
				FE13C1BB295A8722006F34DB /* ParkMarkerView.swift */,
				FE13C1B9295A8139006F34DB /* parkPins.swift */,
			);
			path = View;
			sourceTree = "<group>";
		};
		FEF9870D2969E68500E4BA56 /* Model */ = {
			isa = PBXGroup;
			children = (
				FEDAC811294DCE5A00968173 /* DogParkModel.swift */,
				FEFAC82829677346008596B1 /* User.swift */,
			);
			path = Model;
			sourceTree = "<group>";
		};
/* End PBXGroup section */

/* Begin PBXNativeTarget section */
		FEDAC7D6294DCD9300968173 /* Pawk */ = {
			isa = PBXNativeTarget;
			buildConfigurationList = FEDAC804294DCD9600968173 /* Build configuration list for PBXNativeTarget "Pawk" */;
			buildPhases = (
				284FFE1A3A4F3FD48550EE06 /* [CP] Check Pods Manifest.lock */,
				FEDAC7D3294DCD9300968173 /* Sources */,
				FEDAC7D4294DCD9300968173 /* Frameworks */,
				FEDAC7D5294DCD9300968173 /* Resources */,
				AC53D85D8308A356445AADCB /* [CP] Copy Pods Resources */,
			);
			buildRules = (
			);
			dependencies = (
			);
			name = Pawk;
			packageProductDependencies = (
				FEF987012969D1C900E4BA56 /* FirebaseAnalyticsWithoutAdIdSupport */,
				FEF987032969D1C900E4BA56 /* FirebaseAuth */,
				FEF987052969D1C900E4BA56 /* FirebaseDatabase */,
				FEF987072969D1C900E4BA56 /* FirebaseFirestore */,
				FEF987092969D1CA00E4BA56 /* FirebaseStorage */,
			);
			productName = Pawk;
			productReference = FEDAC7D7294DCD9300968173 /* Pawk.app */;
			productType = "com.apple.product-type.application";
		};
		FEDAC7EF294DCD9600968173 /* PawkTests */ = {
			isa = PBXNativeTarget;
			buildConfigurationList = FEDAC807294DCD9600968173 /* Build configuration list for PBXNativeTarget "PawkTests" */;
			buildPhases = (
				BB31A2B3A79DDAA12967E3AC /* [CP] Check Pods Manifest.lock */,
				FEDAC7EC294DCD9600968173 /* Sources */,
				FEDAC7ED294DCD9600968173 /* Frameworks */,
				FEDAC7EE294DCD9600968173 /* Resources */,
			);
			buildRules = (
			);
			dependencies = (
				FEDAC7F2294DCD9600968173 /* PBXTargetDependency */,
			);
			name = PawkTests;
			productName = PawkTests;
			productReference = FEDAC7F0294DCD9600968173 /* PawkTests.xctest */;
			productType = "com.apple.product-type.bundle.unit-test";
		};
		FEDAC7F9294DCD9600968173 /* PawkUITests */ = {
			isa = PBXNativeTarget;
			buildConfigurationList = FEDAC80A294DCD9600968173 /* Build configuration list for PBXNativeTarget "PawkUITests" */;
			buildPhases = (
				A82F4EC834713949A8EA4EF2 /* [CP] Check Pods Manifest.lock */,
				FEDAC7F6294DCD9600968173 /* Sources */,
				FEDAC7F7294DCD9600968173 /* Frameworks */,
				FEDAC7F8294DCD9600968173 /* Resources */,
				E1053B7FBB3BAA44F4610B7D /* [CP] Copy Pods Resources */,
			);
			buildRules = (
			);
			dependencies = (
				FEDAC7FC294DCD9600968173 /* PBXTargetDependency */,
			);
			name = PawkUITests;
			productName = PawkUITests;
			productReference = FEDAC7FA294DCD9600968173 /* PawkUITests.xctest */;
			productType = "com.apple.product-type.bundle.ui-testing";
		};
/* End PBXNativeTarget section */

/* Begin PBXProject section */
		FEDAC7CF294DCD9300968173 /* Project object */ = {
			isa = PBXProject;
			attributes = {
				BuildIndependentTargetsInParallel = 1;
				LastSwiftUpdateCheck = 1410;
				LastUpgradeCheck = 1410;
				TargetAttributes = {
					FEDAC7D6294DCD9300968173 = {
						CreatedOnToolsVersion = 14.1;
					};
					FEDAC7EF294DCD9600968173 = {
						CreatedOnToolsVersion = 14.1;
						TestTargetID = FEDAC7D6294DCD9300968173;
					};
					FEDAC7F9294DCD9600968173 = {
						CreatedOnToolsVersion = 14.1;
						TestTargetID = FEDAC7D6294DCD9300968173;
					};
				};
			};
			buildConfigurationList = FEDAC7D2294DCD9300968173 /* Build configuration list for PBXProject "Pawk" */;
			compatibilityVersion = "Xcode 13.0";
			developmentRegion = en;
			hasScannedForEncodings = 0;
			knownRegions = (
				en,
				Base,
			);
			mainGroup = FEDAC7CE294DCD9300968173;
			packageReferences = (
				FEF987002969D1C900E4BA56 /* XCRemoteSwiftPackageReference "firebase-ios-sdk" */,
			);
			productRefGroup = FEDAC7D8294DCD9300968173 /* Products */;
			projectDirPath = "";
			projectRoot = "";
			targets = (
				FEDAC7D6294DCD9300968173 /* Pawk */,
				FEDAC7EF294DCD9600968173 /* PawkTests */,
				FEDAC7F9294DCD9600968173 /* PawkUITests */,
			);
		};
/* End PBXProject section */

/* Begin PBXResourcesBuildPhase section */
		FEDAC7D5294DCD9300968173 /* Resources */ = {
			isa = PBXResourcesBuildPhase;
			buildActionMask = 2147483647;
			files = (
				FE60557B296DE2D9006B08A0 /* DogBreedList.txt in Resources */,
				FEDAC80E294DCDC900968173 /* NYC Parks Dog Runs (1).geojson in Resources */,
				FEDAC7EA294DCD9600968173 /* LaunchScreen.storyboard in Resources */,
				FE8D8BE2296221CD005CD604 /* GoogleService-Info.plist in Resources */,
				FEDAC7E7294DCD9600968173 /* Assets.xcassets in Resources */,
				FEDAC7E2294DCD9300968173 /* Main.storyboard in Resources */,
			);
			runOnlyForDeploymentPostprocessing = 0;
		};
		FEDAC7EE294DCD9600968173 /* Resources */ = {
			isa = PBXResourcesBuildPhase;
			buildActionMask = 2147483647;
			files = (
				FEDAC80F294DCDC900968173 /* NYC Parks Dog Runs (1).geojson in Resources */,
				FE8D8BE3296221CD005CD604 /* GoogleService-Info.plist in Resources */,
			);
			runOnlyForDeploymentPostprocessing = 0;
		};
		FEDAC7F8294DCD9600968173 /* Resources */ = {
			isa = PBXResourcesBuildPhase;
			buildActionMask = 2147483647;
			files = (
				FEDAC810294DCDC900968173 /* NYC Parks Dog Runs (1).geojson in Resources */,
				FE8D8BE4296221CD005CD604 /* GoogleService-Info.plist in Resources */,
			);
			runOnlyForDeploymentPostprocessing = 0;
		};
/* End PBXResourcesBuildPhase section */

/* Begin PBXShellScriptBuildPhase section */
		284FFE1A3A4F3FD48550EE06 /* [CP] Check Pods Manifest.lock */ = {
			isa = PBXShellScriptBuildPhase;
			buildActionMask = 2147483647;
			files = (
			);
			inputFileListPaths = (
			);
			inputPaths = (
				"${PODS_PODFILE_DIR_PATH}/Podfile.lock",
				"${PODS_ROOT}/Manifest.lock",
			);
			name = "[CP] Check Pods Manifest.lock";
			outputFileListPaths = (
			);
			outputPaths = (
				"$(DERIVED_FILE_DIR)/Pods-Pawk-checkManifestLockResult.txt",
			);
			runOnlyForDeploymentPostprocessing = 0;
			shellPath = /bin/sh;
			shellScript = "diff \"${PODS_PODFILE_DIR_PATH}/Podfile.lock\" \"${PODS_ROOT}/Manifest.lock\" > /dev/null\nif [ $? != 0 ] ; then\n    # print error to STDERR\n    echo \"error: The sandbox is not in sync with the Podfile.lock. Run 'pod install' or update your CocoaPods installation.\" >&2\n    exit 1\nfi\n# This output is used by Xcode 'outputs' to avoid re-running this script phase.\necho \"SUCCESS\" > \"${SCRIPT_OUTPUT_FILE_0}\"\n";
			showEnvVarsInLog = 0;
		};
		A82F4EC834713949A8EA4EF2 /* [CP] Check Pods Manifest.lock */ = {
			isa = PBXShellScriptBuildPhase;
			buildActionMask = 2147483647;
			files = (
			);
			inputFileListPaths = (
			);
			inputPaths = (
				"${PODS_PODFILE_DIR_PATH}/Podfile.lock",
				"${PODS_ROOT}/Manifest.lock",
			);
			name = "[CP] Check Pods Manifest.lock";
			outputFileListPaths = (
			);
			outputPaths = (
				"$(DERIVED_FILE_DIR)/Pods-Pawk-PawkUITests-checkManifestLockResult.txt",
			);
			runOnlyForDeploymentPostprocessing = 0;
			shellPath = /bin/sh;
			shellScript = "diff \"${PODS_PODFILE_DIR_PATH}/Podfile.lock\" \"${PODS_ROOT}/Manifest.lock\" > /dev/null\nif [ $? != 0 ] ; then\n    # print error to STDERR\n    echo \"error: The sandbox is not in sync with the Podfile.lock. Run 'pod install' or update your CocoaPods installation.\" >&2\n    exit 1\nfi\n# This output is used by Xcode 'outputs' to avoid re-running this script phase.\necho \"SUCCESS\" > \"${SCRIPT_OUTPUT_FILE_0}\"\n";
			showEnvVarsInLog = 0;
		};
		AC53D85D8308A356445AADCB /* [CP] Copy Pods Resources */ = {
			isa = PBXShellScriptBuildPhase;
			buildActionMask = 2147483647;
			files = (
			);
			inputFileListPaths = (
				"${PODS_ROOT}/Target Support Files/Pods-Pawk/Pods-Pawk-resources-${CONFIGURATION}-input-files.xcfilelist",
			);
			name = "[CP] Copy Pods Resources";
			outputFileListPaths = (
				"${PODS_ROOT}/Target Support Files/Pods-Pawk/Pods-Pawk-resources-${CONFIGURATION}-output-files.xcfilelist",
			);
			runOnlyForDeploymentPostprocessing = 0;
			shellPath = /bin/sh;
			shellScript = "\"${PODS_ROOT}/Target Support Files/Pods-Pawk/Pods-Pawk-resources.sh\"\n";
			showEnvVarsInLog = 0;
		};
		BB31A2B3A79DDAA12967E3AC /* [CP] Check Pods Manifest.lock */ = {
			isa = PBXShellScriptBuildPhase;
			buildActionMask = 2147483647;
			files = (
			);
			inputFileListPaths = (
			);
			inputPaths = (
				"${PODS_PODFILE_DIR_PATH}/Podfile.lock",
				"${PODS_ROOT}/Manifest.lock",
			);
			name = "[CP] Check Pods Manifest.lock";
			outputFileListPaths = (
			);
			outputPaths = (
				"$(DERIVED_FILE_DIR)/Pods-PawkTests-checkManifestLockResult.txt",
			);
			runOnlyForDeploymentPostprocessing = 0;
			shellPath = /bin/sh;
			shellScript = "diff \"${PODS_PODFILE_DIR_PATH}/Podfile.lock\" \"${PODS_ROOT}/Manifest.lock\" > /dev/null\nif [ $? != 0 ] ; then\n    # print error to STDERR\n    echo \"error: The sandbox is not in sync with the Podfile.lock. Run 'pod install' or update your CocoaPods installation.\" >&2\n    exit 1\nfi\n# This output is used by Xcode 'outputs' to avoid re-running this script phase.\necho \"SUCCESS\" > \"${SCRIPT_OUTPUT_FILE_0}\"\n";
			showEnvVarsInLog = 0;
		};
		E1053B7FBB3BAA44F4610B7D /* [CP] Copy Pods Resources */ = {
			isa = PBXShellScriptBuildPhase;
			buildActionMask = 2147483647;
			files = (
			);
			inputFileListPaths = (
				"${PODS_ROOT}/Target Support Files/Pods-Pawk-PawkUITests/Pods-Pawk-PawkUITests-resources-${CONFIGURATION}-input-files.xcfilelist",
			);
			name = "[CP] Copy Pods Resources";
			outputFileListPaths = (
				"${PODS_ROOT}/Target Support Files/Pods-Pawk-PawkUITests/Pods-Pawk-PawkUITests-resources-${CONFIGURATION}-output-files.xcfilelist",
			);
			runOnlyForDeploymentPostprocessing = 0;
			shellPath = /bin/sh;
			shellScript = "\"${PODS_ROOT}/Target Support Files/Pods-Pawk-PawkUITests/Pods-Pawk-PawkUITests-resources.sh\"\n";
			showEnvVarsInLog = 0;
		};
/* End PBXShellScriptBuildPhase section */

/* Begin PBXSourcesBuildPhase section */
		FEDAC7D3294DCD9300968173 /* Sources */ = {
			isa = PBXSourcesBuildPhase;
			buildActionMask = 2147483647;
			files = (
				FEF9870F296AFF5600E4BA56 /* UserRegistrationViewController.swift in Sources */,
				FEDAC7E5294DCD9300968173 /* Pawk.xcdatamodeld in Sources */,
				FE0C2E3B298071D30066E4D3 /* AccountViewController.swift in Sources */,
				FE13C1BA295A8139006F34DB /* parkPins.swift in Sources */,
				FE13C1BC295A8722006F34DB /* ParkMarkerView.swift in Sources */,
				FEDAC7DF294DCD9300968173 /* ViewController.swift in Sources */,
				FE0C2E3D29847FFF0066E4D3 /* DogImageStore.swift in Sources */,
				FEFAC827296763D8008596B1 /* LoginViewController.swift in Sources */,
				FEFAC82929677346008596B1 /* User.swift in Sources */,
				FEDAC7DB294DCD9300968173 /* AppDelegate.swift in Sources */,
				FE7F5D7F29B0271400DEC8FD /* GoogleMapsVC.swift in Sources */,
				FEDAC7DD294DCD9300968173 /* SceneDelegate.swift in Sources */,
				FEF98711296B101800E4BA56 /* DogFormViewController.swift in Sources */,
				FEDAC812294DCE5A00968173 /* DogParkModel.swift in Sources */,
				FEF98713296CAF0300E4BA56 /* DogBreedChoiceViewController.swift in Sources */,
			);
			runOnlyForDeploymentPostprocessing = 0;
		};
		FEDAC7EC294DCD9600968173 /* Sources */ = {
			isa = PBXSourcesBuildPhase;
			buildActionMask = 2147483647;
			files = (
				FEDAC7F5294DCD9600968173 /* PawkTests.swift in Sources */,
			);
			runOnlyForDeploymentPostprocessing = 0;
		};
		FEDAC7F6294DCD9600968173 /* Sources */ = {
			isa = PBXSourcesBuildPhase;
			buildActionMask = 2147483647;
			files = (
				FEDAC7FF294DCD9600968173 /* PawkUITests.swift in Sources */,
				FEDAC801294DCD9600968173 /* PawkUITestsLaunchTests.swift in Sources */,
			);
			runOnlyForDeploymentPostprocessing = 0;
		};
/* End PBXSourcesBuildPhase section */

/* Begin PBXTargetDependency section */
		FEDAC7F2294DCD9600968173 /* PBXTargetDependency */ = {
			isa = PBXTargetDependency;
			target = FEDAC7D6294DCD9300968173 /* Pawk */;
			targetProxy = FEDAC7F1294DCD9600968173 /* PBXContainerItemProxy */;
		};
		FEDAC7FC294DCD9600968173 /* PBXTargetDependency */ = {
			isa = PBXTargetDependency;
			target = FEDAC7D6294DCD9300968173 /* Pawk */;
			targetProxy = FEDAC7FB294DCD9600968173 /* PBXContainerItemProxy */;
		};
/* End PBXTargetDependency section */

/* Begin PBXVariantGroup section */
		FEDAC7E0294DCD9300968173 /* Main.storyboard */ = {
			isa = PBXVariantGroup;
			children = (
				FEDAC7E1294DCD9300968173 /* Base */,
			);
			name = Main.storyboard;
			sourceTree = "<group>";
		};
		FEDAC7E8294DCD9600968173 /* LaunchScreen.storyboard */ = {
			isa = PBXVariantGroup;
			children = (
				FEDAC7E9294DCD9600968173 /* Base */,
			);
			name = LaunchScreen.storyboard;
			sourceTree = "<group>";
		};
/* End PBXVariantGroup section */

/* Begin XCBuildConfiguration section */
		FEDAC802294DCD9600968173 /* Debug */ = {
			isa = XCBuildConfiguration;
			buildSettings = {
				ALWAYS_SEARCH_USER_PATHS = NO;
				CLANG_ANALYZER_NONNULL = YES;
				CLANG_ANALYZER_NUMBER_OBJECT_CONVERSION = YES_AGGRESSIVE;
				CLANG_CXX_LANGUAGE_STANDARD = "gnu++20";
				CLANG_ENABLE_MODULES = YES;
				CLANG_ENABLE_OBJC_ARC = YES;
				CLANG_ENABLE_OBJC_WEAK = YES;
				CLANG_WARN_BLOCK_CAPTURE_AUTORELEASING = YES;
				CLANG_WARN_BOOL_CONVERSION = YES;
				CLANG_WARN_COMMA = YES;
				CLANG_WARN_CONSTANT_CONVERSION = YES;
				CLANG_WARN_DEPRECATED_OBJC_IMPLEMENTATIONS = YES;
				CLANG_WARN_DIRECT_OBJC_ISA_USAGE = YES_ERROR;
				CLANG_WARN_DOCUMENTATION_COMMENTS = YES;
				CLANG_WARN_EMPTY_BODY = YES;
				CLANG_WARN_ENUM_CONVERSION = YES;
				CLANG_WARN_INFINITE_RECURSION = YES;
				CLANG_WARN_INT_CONVERSION = YES;
				CLANG_WARN_NON_LITERAL_NULL_CONVERSION = YES;
				CLANG_WARN_OBJC_IMPLICIT_RETAIN_SELF = YES;
				CLANG_WARN_OBJC_LITERAL_CONVERSION = YES;
				CLANG_WARN_OBJC_ROOT_CLASS = YES_ERROR;
				CLANG_WARN_QUOTED_INCLUDE_IN_FRAMEWORK_HEADER = YES;
				CLANG_WARN_RANGE_LOOP_ANALYSIS = YES;
				CLANG_WARN_STRICT_PROTOTYPES = YES;
				CLANG_WARN_SUSPICIOUS_MOVE = YES;
				CLANG_WARN_UNGUARDED_AVAILABILITY = YES_AGGRESSIVE;
				CLANG_WARN_UNREACHABLE_CODE = YES;
				CLANG_WARN__DUPLICATE_METHOD_MATCH = YES;
				COPY_PHASE_STRIP = NO;
				DEBUG_INFORMATION_FORMAT = dwarf;
				ENABLE_STRICT_OBJC_MSGSEND = YES;
				ENABLE_TESTABILITY = YES;
				GCC_C_LANGUAGE_STANDARD = gnu11;
				GCC_DYNAMIC_NO_PIC = NO;
				GCC_NO_COMMON_BLOCKS = YES;
				GCC_OPTIMIZATION_LEVEL = 0;
				GCC_PREPROCESSOR_DEFINITIONS = (
					"DEBUG=1",
					"$(inherited)",
				);
				GCC_WARN_64_TO_32_BIT_CONVERSION = YES;
				GCC_WARN_ABOUT_RETURN_TYPE = YES_ERROR;
				GCC_WARN_UNDECLARED_SELECTOR = YES;
				GCC_WARN_UNINITIALIZED_AUTOS = YES_AGGRESSIVE;
				GCC_WARN_UNUSED_FUNCTION = YES;
				GCC_WARN_UNUSED_VARIABLE = YES;
				IPHONEOS_DEPLOYMENT_TARGET = 16.1;
				MTL_ENABLE_DEBUG_INFO = INCLUDE_SOURCE;
				MTL_FAST_MATH = YES;
				ONLY_ACTIVE_ARCH = YES;
				SDKROOT = iphoneos;
				SWIFT_ACTIVE_COMPILATION_CONDITIONS = DEBUG;
				SWIFT_OPTIMIZATION_LEVEL = "-Onone";
			};
			name = Debug;
		};
		FEDAC803294DCD9600968173 /* Release */ = {
			isa = XCBuildConfiguration;
			buildSettings = {
				ALWAYS_SEARCH_USER_PATHS = NO;
				CLANG_ANALYZER_NONNULL = YES;
				CLANG_ANALYZER_NUMBER_OBJECT_CONVERSION = YES_AGGRESSIVE;
				CLANG_CXX_LANGUAGE_STANDARD = "gnu++20";
				CLANG_ENABLE_MODULES = YES;
				CLANG_ENABLE_OBJC_ARC = YES;
				CLANG_ENABLE_OBJC_WEAK = YES;
				CLANG_WARN_BLOCK_CAPTURE_AUTORELEASING = YES;
				CLANG_WARN_BOOL_CONVERSION = YES;
				CLANG_WARN_COMMA = YES;
				CLANG_WARN_CONSTANT_CONVERSION = YES;
				CLANG_WARN_DEPRECATED_OBJC_IMPLEMENTATIONS = YES;
				CLANG_WARN_DIRECT_OBJC_ISA_USAGE = YES_ERROR;
				CLANG_WARN_DOCUMENTATION_COMMENTS = YES;
				CLANG_WARN_EMPTY_BODY = YES;
				CLANG_WARN_ENUM_CONVERSION = YES;
				CLANG_WARN_INFINITE_RECURSION = YES;
				CLANG_WARN_INT_CONVERSION = YES;
				CLANG_WARN_NON_LITERAL_NULL_CONVERSION = YES;
				CLANG_WARN_OBJC_IMPLICIT_RETAIN_SELF = YES;
				CLANG_WARN_OBJC_LITERAL_CONVERSION = YES;
				CLANG_WARN_OBJC_ROOT_CLASS = YES_ERROR;
				CLANG_WARN_QUOTED_INCLUDE_IN_FRAMEWORK_HEADER = YES;
				CLANG_WARN_RANGE_LOOP_ANALYSIS = YES;
				CLANG_WARN_STRICT_PROTOTYPES = YES;
				CLANG_WARN_SUSPICIOUS_MOVE = YES;
				CLANG_WARN_UNGUARDED_AVAILABILITY = YES_AGGRESSIVE;
				CLANG_WARN_UNREACHABLE_CODE = YES;
				CLANG_WARN__DUPLICATE_METHOD_MATCH = YES;
				COPY_PHASE_STRIP = NO;
				DEBUG_INFORMATION_FORMAT = "dwarf-with-dsym";
				ENABLE_NS_ASSERTIONS = NO;
				ENABLE_STRICT_OBJC_MSGSEND = YES;
				GCC_C_LANGUAGE_STANDARD = gnu11;
				GCC_NO_COMMON_BLOCKS = YES;
				GCC_WARN_64_TO_32_BIT_CONVERSION = YES;
				GCC_WARN_ABOUT_RETURN_TYPE = YES_ERROR;
				GCC_WARN_UNDECLARED_SELECTOR = YES;
				GCC_WARN_UNINITIALIZED_AUTOS = YES_AGGRESSIVE;
				GCC_WARN_UNUSED_FUNCTION = YES;
				GCC_WARN_UNUSED_VARIABLE = YES;
				IPHONEOS_DEPLOYMENT_TARGET = 16.1;
				MTL_ENABLE_DEBUG_INFO = NO;
				MTL_FAST_MATH = YES;
				SDKROOT = iphoneos;
				SWIFT_COMPILATION_MODE = wholemodule;
				SWIFT_OPTIMIZATION_LEVEL = "-O";
				VALIDATE_PRODUCT = YES;
			};
			name = Release;
		};
		FEDAC805294DCD9600968173 /* Debug */ = {
			isa = XCBuildConfiguration;
			baseConfigurationReference = F672A6CE559DAABD0BA946D7 /* Pods-Pawk.debug.xcconfig */;
			buildSettings = {
				ASSETCATALOG_COMPILER_APPICON_NAME = AppIcon;
				ASSETCATALOG_COMPILER_GLOBAL_ACCENT_COLOR_NAME = AccentColor;
				CODE_SIGN_STYLE = Automatic;
				CURRENT_PROJECT_VERSION = 1;
				DEVELOPMENT_TEAM = 28AS7A4ZZP;
				GENERATE_INFOPLIST_FILE = YES;
				INFOPLIST_FILE = Pawk/Info.plist;
				INFOPLIST_KEY_UIApplicationSupportsIndirectInputEvents = YES;
				INFOPLIST_KEY_UILaunchStoryboardName = LaunchScreen;
				INFOPLIST_KEY_UIMainStoryboardFile = Main;
				INFOPLIST_KEY_UISupportedInterfaceOrientations_iPad = "UIInterfaceOrientationPortrait UIInterfaceOrientationPortraitUpsideDown UIInterfaceOrientationLandscapeLeft UIInterfaceOrientationLandscapeRight";
				INFOPLIST_KEY_UISupportedInterfaceOrientations_iPhone = "UIInterfaceOrientationPortrait UIInterfaceOrientationLandscapeLeft UIInterfaceOrientationLandscapeRight";
				LD_RUNPATH_SEARCH_PATHS = (
					"$(inherited)",
					"@executable_path/Frameworks",
				);
				MARKETING_VERSION = 1.0;
				PRODUCT_BUNDLE_IDENTIFIER = com.JayfreeGorillaz.Pawk;
				PRODUCT_NAME = "$(TARGET_NAME)";
				SWIFT_EMIT_LOC_STRINGS = YES;
				SWIFT_VERSION = 5.0;
				TARGETED_DEVICE_FAMILY = "1,2";
			};
			name = Debug;
		};
		FEDAC806294DCD9600968173 /* Release */ = {
			isa = XCBuildConfiguration;
			baseConfigurationReference = C9DBE13BAE5F457F8DBFC487 /* Pods-Pawk.release.xcconfig */;
			buildSettings = {
				ASSETCATALOG_COMPILER_APPICON_NAME = AppIcon;
				ASSETCATALOG_COMPILER_GLOBAL_ACCENT_COLOR_NAME = AccentColor;
				CODE_SIGN_STYLE = Automatic;
				CURRENT_PROJECT_VERSION = 1;
				DEVELOPMENT_TEAM = 28AS7A4ZZP;
				GENERATE_INFOPLIST_FILE = YES;
				INFOPLIST_FILE = Pawk/Info.plist;
				INFOPLIST_KEY_UIApplicationSupportsIndirectInputEvents = YES;
				INFOPLIST_KEY_UILaunchStoryboardName = LaunchScreen;
				INFOPLIST_KEY_UIMainStoryboardFile = Main;
				INFOPLIST_KEY_UISupportedInterfaceOrientations_iPad = "UIInterfaceOrientationPortrait UIInterfaceOrientationPortraitUpsideDown UIInterfaceOrientationLandscapeLeft UIInterfaceOrientationLandscapeRight";
				INFOPLIST_KEY_UISupportedInterfaceOrientations_iPhone = "UIInterfaceOrientationPortrait UIInterfaceOrientationLandscapeLeft UIInterfaceOrientationLandscapeRight";
				LD_RUNPATH_SEARCH_PATHS = (
					"$(inherited)",
					"@executable_path/Frameworks",
				);
				MARKETING_VERSION = 1.0;
				PRODUCT_BUNDLE_IDENTIFIER = com.JayfreeGorillaz.Pawk;
				PRODUCT_NAME = "$(TARGET_NAME)";
				SWIFT_EMIT_LOC_STRINGS = YES;
				SWIFT_VERSION = 5.0;
				TARGETED_DEVICE_FAMILY = "1,2";
			};
			name = Release;
		};
		FEDAC808294DCD9600968173 /* Debug */ = {
			isa = XCBuildConfiguration;
			baseConfigurationReference = 9E3B4FAE3BEEA4F9B2AC14BC /* Pods-PawkTests.debug.xcconfig */;
			buildSettings = {
				ALWAYS_EMBED_SWIFT_STANDARD_LIBRARIES = YES;
				BUNDLE_LOADER = "$(TEST_HOST)";
				CODE_SIGN_STYLE = Automatic;
				CURRENT_PROJECT_VERSION = 1;
				DEVELOPMENT_TEAM = 28AS7A4ZZP;
				GENERATE_INFOPLIST_FILE = YES;
				IPHONEOS_DEPLOYMENT_TARGET = 16.1;
				MARKETING_VERSION = 1.0;
				PRODUCT_BUNDLE_IDENTIFIER = com.JayfreeGorillaz.PawkTests;
				PRODUCT_NAME = "$(TARGET_NAME)";
				SWIFT_EMIT_LOC_STRINGS = NO;
				SWIFT_VERSION = 5.0;
				TARGETED_DEVICE_FAMILY = "1,2";
				TEST_HOST = "$(BUILT_PRODUCTS_DIR)/Pawk.app/$(BUNDLE_EXECUTABLE_FOLDER_PATH)/Pawk";
			};
			name = Debug;
		};
		FEDAC809294DCD9600968173 /* Release */ = {
			isa = XCBuildConfiguration;
			baseConfigurationReference = 5FE1003810F583DBF7C18BCF /* Pods-PawkTests.release.xcconfig */;
			buildSettings = {
				ALWAYS_EMBED_SWIFT_STANDARD_LIBRARIES = YES;
				BUNDLE_LOADER = "$(TEST_HOST)";
				CODE_SIGN_STYLE = Automatic;
				CURRENT_PROJECT_VERSION = 1;
				DEVELOPMENT_TEAM = 28AS7A4ZZP;
				GENERATE_INFOPLIST_FILE = YES;
				IPHONEOS_DEPLOYMENT_TARGET = 16.1;
				MARKETING_VERSION = 1.0;
				PRODUCT_BUNDLE_IDENTIFIER = com.JayfreeGorillaz.PawkTests;
				PRODUCT_NAME = "$(TARGET_NAME)";
				SWIFT_EMIT_LOC_STRINGS = NO;
				SWIFT_VERSION = 5.0;
				TARGETED_DEVICE_FAMILY = "1,2";
				TEST_HOST = "$(BUILT_PRODUCTS_DIR)/Pawk.app/$(BUNDLE_EXECUTABLE_FOLDER_PATH)/Pawk";
			};
			name = Release;
		};
		FEDAC80B294DCD9600968173 /* Debug */ = {
			isa = XCBuildConfiguration;
			baseConfigurationReference = 5A5D4B9D08D415C11EA6579A /* Pods-Pawk-PawkUITests.debug.xcconfig */;
			buildSettings = {
				ALWAYS_EMBED_SWIFT_STANDARD_LIBRARIES = YES;
				CODE_SIGN_STYLE = Automatic;
				CURRENT_PROJECT_VERSION = 1;
				DEVELOPMENT_TEAM = 28AS7A4ZZP;
				GENERATE_INFOPLIST_FILE = YES;
				MARKETING_VERSION = 1.0;
				PRODUCT_BUNDLE_IDENTIFIER = com.JayfreeGorillaz.PawkUITests;
				PRODUCT_NAME = "$(TARGET_NAME)";
				SWIFT_EMIT_LOC_STRINGS = NO;
				SWIFT_VERSION = 5.0;
				TARGETED_DEVICE_FAMILY = "1,2";
				TEST_TARGET_NAME = Pawk;
			};
			name = Debug;
		};
		FEDAC80C294DCD9600968173 /* Release */ = {
			isa = XCBuildConfiguration;
			baseConfigurationReference = 2E2B6D5E004A1C700173F0BF /* Pods-Pawk-PawkUITests.release.xcconfig */;
			buildSettings = {
				ALWAYS_EMBED_SWIFT_STANDARD_LIBRARIES = YES;
				CODE_SIGN_STYLE = Automatic;
				CURRENT_PROJECT_VERSION = 1;
				DEVELOPMENT_TEAM = 28AS7A4ZZP;
				GENERATE_INFOPLIST_FILE = YES;
				MARKETING_VERSION = 1.0;
				PRODUCT_BUNDLE_IDENTIFIER = com.JayfreeGorillaz.PawkUITests;
				PRODUCT_NAME = "$(TARGET_NAME)";
				SWIFT_EMIT_LOC_STRINGS = NO;
				SWIFT_VERSION = 5.0;
				TARGETED_DEVICE_FAMILY = "1,2";
				TEST_TARGET_NAME = Pawk;
			};
			name = Release;
		};
/* End XCBuildConfiguration section */

/* Begin XCConfigurationList section */
		FEDAC7D2294DCD9300968173 /* Build configuration list for PBXProject "Pawk" */ = {
			isa = XCConfigurationList;
			buildConfigurations = (
				FEDAC802294DCD9600968173 /* Debug */,
				FEDAC803294DCD9600968173 /* Release */,
			);
			defaultConfigurationIsVisible = 0;
			defaultConfigurationName = Release;
		};
		FEDAC804294DCD9600968173 /* Build configuration list for PBXNativeTarget "Pawk" */ = {
			isa = XCConfigurationList;
			buildConfigurations = (
				FEDAC805294DCD9600968173 /* Debug */,
				FEDAC806294DCD9600968173 /* Release */,
			);
			defaultConfigurationIsVisible = 0;
			defaultConfigurationName = Release;
		};
		FEDAC807294DCD9600968173 /* Build configuration list for PBXNativeTarget "PawkTests" */ = {
			isa = XCConfigurationList;
			buildConfigurations = (
				FEDAC808294DCD9600968173 /* Debug */,
				FEDAC809294DCD9600968173 /* Release */,
			);
			defaultConfigurationIsVisible = 0;
			defaultConfigurationName = Release;
		};
		FEDAC80A294DCD9600968173 /* Build configuration list for PBXNativeTarget "PawkUITests" */ = {
			isa = XCConfigurationList;
			buildConfigurations = (
				FEDAC80B294DCD9600968173 /* Debug */,
				FEDAC80C294DCD9600968173 /* Release */,
			);
			defaultConfigurationIsVisible = 0;
			defaultConfigurationName = Release;
		};
/* End XCConfigurationList section */

/* Begin XCRemoteSwiftPackageReference section */
		FEF987002969D1C900E4BA56 /* XCRemoteSwiftPackageReference "firebase-ios-sdk" */ = {
			isa = XCRemoteSwiftPackageReference;
			repositoryURL = "https://github.com/firebase/firebase-ios-sdk";
			requirement = {
				kind = upToNextMajorVersion;
				minimumVersion = 9.0.0;
			};
		};
/* End XCRemoteSwiftPackageReference section */

/* Begin XCSwiftPackageProductDependency section */
		FEF987012969D1C900E4BA56 /* FirebaseAnalyticsWithoutAdIdSupport */ = {
			isa = XCSwiftPackageProductDependency;
			package = FEF987002969D1C900E4BA56 /* XCRemoteSwiftPackageReference "firebase-ios-sdk" */;
			productName = FirebaseAnalyticsWithoutAdIdSupport;
		};
		FEF987032969D1C900E4BA56 /* FirebaseAuth */ = {
			isa = XCSwiftPackageProductDependency;
			package = FEF987002969D1C900E4BA56 /* XCRemoteSwiftPackageReference "firebase-ios-sdk" */;
			productName = FirebaseAuth;
		};
		FEF987052969D1C900E4BA56 /* FirebaseDatabase */ = {
			isa = XCSwiftPackageProductDependency;
			package = FEF987002969D1C900E4BA56 /* XCRemoteSwiftPackageReference "firebase-ios-sdk" */;
			productName = FirebaseDatabase;
		};
		FEF987072969D1C900E4BA56 /* FirebaseFirestore */ = {
			isa = XCSwiftPackageProductDependency;
			package = FEF987002969D1C900E4BA56 /* XCRemoteSwiftPackageReference "firebase-ios-sdk" */;
			productName = FirebaseFirestore;
		};
		FEF987092969D1CA00E4BA56 /* FirebaseStorage */ = {
			isa = XCSwiftPackageProductDependency;
			package = FEF987002969D1C900E4BA56 /* XCRemoteSwiftPackageReference "firebase-ios-sdk" */;
			productName = FirebaseStorage;
		};
/* End XCSwiftPackageProductDependency section */

/* Begin XCVersionGroup section */
		FEDAC7E3294DCD9300968173 /* Pawk.xcdatamodeld */ = {
			isa = XCVersionGroup;
			children = (
				FEDAC7E4294DCD9300968173 /* Pawk.xcdatamodel */,
			);
			currentVersion = FEDAC7E4294DCD9300968173 /* Pawk.xcdatamodel */;
			path = Pawk.xcdatamodeld;
			sourceTree = "<group>";
			versionGroupType = wrapper.xcdatamodel;
		};
/* End XCVersionGroup section */
	};
	rootObject = FEDAC7CF294DCD9300968173 /* Project object */;
}
